
Microsoft Visual Studio Solution File, Format Version 12.00
# Visual Studio 15
VisualStudioVersion = 15.0.27004.2006
MinimumVisualStudioVersion = 10.0.40219.1
Project("{FAE04EC0-301F-11D3-BF4B-00C04F79EFBC}") = "DatastructuresAndAlgorithms", "DatastructuresAndAlgorithms\DatastructuresAndAlgorithms.csproj", "{592B3705-3EA8-49F0-B49C-B221301FB282}"
EndProject
Global
	GlobalSection(SolutionConfigurationPlatforms) = preSolution
		Debug|Any CPU = Debug|Any CPU
		Release|Any CPU = Release|Any CPU
	EndGlobalSection
	GlobalSection(ProjectConfigurationPlatforms) = postSolution
		{592B3705-3EA8-49F0-B49C-B221301FB282}.Debug|Any CPU.ActiveCfg = Debug|Any CPU
		{592B3705-3EA8-49F0-B49C-B221301FB282}.Debug|Any CPU.Build.0 = Debug|Any CPU
		{592B3705-3EA8-49F0-B49C-B221301FB282}.Release|Any CPU.ActiveCfg = Release|Any CPU
		{592B3705-3EA8-49F0-B49C-B221301FB282}.Release|Any CPU.Build.0 = Release|Any CPU
	EndGlobalSection
	GlobalSection(SolutionProperties) = preSolution
		HideSolutionNode = FALSE
	EndGlobalSection
	GlobalSection(ExtensibilityGlobals) = postSolution
		SolutionGuid = {788A0BD5-575E-43A3-8E4D-4EA62C761DD0}
	EndGlobalSection
EndGlobal
